
Microsoft Visual Studio Solution File, Format Version 12.00
# Visual Studio 14
VisualStudioVersion = 14.0.25420.1
MinimumVisualStudioVersion = 10.0.40219.1
Project("{FAE04EC0-301F-11D3-BF4B-00C04F79EFBC}") = "Ex05-Tuesday", "Ex05-Tuesday\Ex05-Tuesday.csproj", "{84A1486B-5D9F-430D-A8D5-0435DE5C91D7}"
EndProject
Global
	GlobalSection(SolutionConfigurationPlatforms) = preSolution
		Debug|Any CPU = Debug|Any CPU
		Release|Any CPU = Release|Any CPU
	EndGlobalSection
	GlobalSection(ProjectConfigurationPlatforms) = postSolution
		{84A1486B-5D9F-430D-A8D5-0435DE5C91D7}.Debug|Any CPU.ActiveCfg = Debug|Any CPU
		{84A1486B-5D9F-430D-A8D5-0435DE5C91D7}.Debug|Any CPU.Build.0 = Debug|Any CPU
		{84A1486B-5D9F-430D-A8D5-0435DE5C91D7}.Release|Any CPU.ActiveCfg = Release|Any CPU
		{84A1486B-5D9F-430D-A8D5-0435DE5C91D7}.Release|Any CPU.Build.0 = Release|Any CPU
	EndGlobalSection
	GlobalSection(SolutionProperties) = preSolution
		HideSolutionNode = FALSE
	EndGlobalSection
EndGlobal
